// !$*UTF8*$!
{
	archiveVersion = 1;
	classes = {
	};
	objectVersion = 50;
	objects = {

/* Begin PBXBuildFile section */
		FD8BF50920C551DF00194E8F /* AppDelegate.swift in Sources */ = {isa = PBXBuildFile; fileRef = FD8BF50820C551DF00194E8F /* AppDelegate.swift */; };
		FD8BF50B20C551DF00194E8F /* ViewController.swift in Sources */ = {isa = PBXBuildFile; fileRef = FD8BF50A20C551DF00194E8F /* ViewController.swift */; };
		FD8BF50E20C551DF00194E8F /* Main.storyboard in Resources */ = {isa = PBXBuildFile; fileRef = FD8BF50C20C551DF00194E8F /* Main.storyboard */; };
		FD8BF51020C551E100194E8F /* Assets.xcassets in Resources */ = {isa = PBXBuildFile; fileRef = FD8BF50F20C551E100194E8F /* Assets.xcassets */; };
		FD8BF51320C551E100194E8F /* LaunchScreen.storyboard in Resources */ = {isa = PBXBuildFile; fileRef = FD8BF51120C551E100194E8F /* LaunchScreen.storyboard */; };
		FD8BF51E20C551E100194E8F /* FootballTests.swift in Sources */ = {isa = PBXBuildFile; fileRef = FD8BF51D20C551E100194E8F /* FootballTests.swift */; };
		FD8BF52920C551E100194E8F /* FootballUITests.swift in Sources */ = {isa = PBXBuildFile; fileRef = FD8BF52820C551E100194E8F /* FootballUITests.swift */; };
/* End PBXBuildFile section */

/* Begin PBXContainerItemProxy section */
		FD8BF51A20C551E100194E8F /* PBXContainerItemProxy */ = {
			isa = PBXContainerItemProxy;
			containerPortal = FD8BF4FD20C551DF00194E8F /* Project object */;
			proxyType = 1;
			remoteGlobalIDString = FD8BF50420C551DF00194E8F;
			remoteInfo = Football;
		};
		FD8BF52520C551E100194E8F /* PBXContainerItemProxy */ = {
			isa = PBXContainerItemProxy;
			containerPortal = FD8BF4FD20C551DF00194E8F /* Project object */;
			proxyType = 1;
			remoteGlobalIDString = FD8BF50420C551DF00194E8F;
			remoteInfo = Football;
		};
/* End PBXContainerItemProxy section */

/* Begin PBXFileReference section */
		FD8BF50520C551DF00194E8F /* Football.app */ = {isa = PBXFileReference; explicitFileType = wrapper.application; includeInIndex = 0; path = Football.app; sourceTree = BUILT_PRODUCTS_DIR; };
		FD8BF50820C551DF00194E8F /* AppDelegate.swift */ = {isa = PBXFileReference; lastKnownFileType = sourcecode.swift; path = AppDelegate.swift; sourceTree = "<group>"; };
		FD8BF50A20C551DF00194E8F /* ViewController.swift */ = {isa = PBXFileReference; lastKnownFileType = sourcecode.swift; path = ViewController.swift; sourceTree = "<group>"; };
		FD8BF50D20C551DF00194E8F /* Base */ = {isa = PBXFileReference; lastKnownFileType = file.storyboard; name = Base; path = Base.lproj/Main.storyboard; sourceTree = "<group>"; };
		FD8BF50F20C551E100194E8F /* Assets.xcassets */ = {isa = PBXFileReference; lastKnownFileType = folder.assetcatalog; path = Assets.xcassets; sourceTree = "<group>"; };
		FD8BF51220C551E100194E8F /* Base */ = {isa = PBXFileReference; lastKnownFileType = file.storyboard; name = Base; path = Base.lproj/LaunchScreen.storyboard; sourceTree = "<group>"; };
		FD8BF51420C551E100194E8F /* Info.plist */ = {isa = PBXFileReference; lastKnownFileType = text.plist.xml; path = Info.plist; sourceTree = "<group>"; };
		FD8BF51920C551E100194E8F /* FootballTests.xctest */ = {isa = PBXFileReference; explicitFileType = wrapper.cfbundle; includeInIndex = 0; path = FootballTests.xctest; sourceTree = BUILT_PRODUCTS_DIR; };
		FD8BF51D20C551E100194E8F /* FootballTests.swift */ = {isa = PBXFileReference; lastKnownFileType = sourcecode.swift; path = FootballTests.swift; sourceTree = "<group>"; };
		FD8BF51F20C551E100194E8F /* Info.plist */ = {isa = PBXFileReference; lastKnownFileType = text.plist.xml; path = Info.plist; sourceTree = "<group>"; };
		FD8BF52420C551E100194E8F /* FootballUITests.xctest */ = {isa = PBXFileReference; explicitFileType = wrapper.cfbundle; includeInIndex = 0; path = FootballUITests.xctest; sourceTree = BUILT_PRODUCTS_DIR; };
		FD8BF52820C551E100194E8F /* FootballUITests.swift */ = {isa = PBXFileReference; lastKnownFileType = sourcecode.swift; path = FootballUITests.swift; sourceTree = "<group>"; };
		FD8BF52A20C551E100194E8F /* Info.plist */ = {isa = PBXFileReference; lastKnownFileType = text.plist.xml; path = Info.plist; sourceTree = "<group>"; };
/* End PBXFileReference section */

/* Begin PBXFrameworksBuildPhase section */
		FD8BF50220C551DF00194E8F /* Frameworks */ = {
			isa = PBXFrameworksBuildPhase;
			buildActionMask = 2147483647;
			files = (
			);
			runOnlyForDeploymentPostprocessing = 0;
		};
		FD8BF51620C551E100194E8F /* Frameworks */ = {
			isa = PBXFrameworksBuildPhase;
			buildActionMask = 2147483647;
			files = (
			);
			runOnlyForDeploymentPostprocessing = 0;
		};
		FD8BF52120C551E100194E8F /* Frameworks */ = {
			isa = PBXFrameworksBuildPhase;
			buildActionMask = 2147483647;
			files = (
			);
			runOnlyForDeploymentPostprocessing = 0;
		};
/* End PBXFrameworksBuildPhase section */

/* Begin PBXGroup section */
		FD8BF4FC20C551DF00194E8F = {
			isa = PBXGroup;
			children = (
				FD8BF50720C551DF00194E8F /* Football */,
				FD8BF51C20C551E100194E8F /* FootballTests */,
				FD8BF52720C551E100194E8F /* FootballUITests */,
				FD8BF50620C551DF00194E8F /* Products */,
			);
			sourceTree = "<group>";
		};
		FD8BF50620C551DF00194E8F /* Products */ = {
			isa = PBXGroup;
			children = (
				FD8BF50520C551DF00194E8F /* Football.app */,
				FD8BF51920C551E100194E8F /* FootballTests.xctest */,
				FD8BF52420C551E100194E8F /* FootballUITests.xctest */,
			);
			name = Products;
			sourceTree = "<group>";
		};
		FD8BF50720C551DF00194E8F /* Football */ = {
			isa = PBXGroup;
			children = (
				FD8BF50820C551DF00194E8F /* AppDelegate.swift */,
				FD8BF50A20C551DF00194E8F /* ViewController.swift */,
				FD8BF50C20C551DF00194E8F /* Main.storyboard */,
				FD8BF50F20C551E100194E8F /* Assets.xcassets */,
				FD8BF51120C551E100194E8F /* LaunchScreen.storyboard */,
				FD8BF51420C551E100194E8F /* Info.plist */,
			);
			path = Football;
			sourceTree = "<group>";
		};
		FD8BF51C20C551E100194E8F /* FootballTests */ = {
			isa = PBXGroup;
			children = (
				FD8BF51D20C551E100194E8F /* FootballTests.swift */,
				FD8BF51F20C551E100194E8F /* Info.plist */,
			);
			path = FootballTests;
			sourceTree = "<group>";
		};
		FD8BF52720C551E100194E8F /* FootballUITests */ = {
			isa = PBXGroup;
			children = (
				FD8BF52820C551E100194E8F /* FootballUITests.swift */,
				FD8BF52A20C551E100194E8F /* Info.plist */,
			);
			path = FootballUITests;
			sourceTree = "<group>";
		};
/* End PBXGroup section */

/* Begin PBXNativeTarget section */
		FD8BF50420C551DF00194E8F /* Football */ = {
			isa = PBXNativeTarget;
			buildConfigurationList = FD8BF52D20C551E100194E8F /* Build configuration list for PBXNativeTarget "Football" */;
			buildPhases = (
				FD8BF50120C551DF00194E8F /* Sources */,
				FD8BF50220C551DF00194E8F /* Frameworks */,
				FD8BF50320C551DF00194E8F /* Resources */,
			);
			buildRules = (
			);
			dependencies = (
			);
			name = Football;
			productName = Football;
			productReference = FD8BF50520C551DF00194E8F /* Football.app */;
			productType = "com.apple.product-type.application";
		};
		FD8BF51820C551E100194E8F /* FootballTests */ = {
			isa = PBXNativeTarget;
			buildConfigurationList = FD8BF53020C551E100194E8F /* Build configuration list for PBXNativeTarget "FootballTests" */;
			buildPhases = (
				FD8BF51520C551E100194E8F /* Sources */,
				FD8BF51620C551E100194E8F /* Frameworks */,
				FD8BF51720C551E100194E8F /* Resources */,
			);
			buildRules = (
			);
			dependencies = (
				FD8BF51B20C551E100194E8F /* PBXTargetDependency */,
			);
			name = FootballTests;
			productName = FootballTests;
			productReference = FD8BF51920C551E100194E8F /* FootballTests.xctest */;
			productType = "com.apple.product-type.bundle.unit-test";
		};
		FD8BF52320C551E100194E8F /* FootballUITests */ = {
			isa = PBXNativeTarget;
			buildConfigurationList = FD8BF53320C551E100194E8F /* Build configuration list for PBXNativeTarget "FootballUITests" */;
			buildPhases = (
				FD8BF52020C551E100194E8F /* Sources */,
				FD8BF52120C551E100194E8F /* Frameworks */,
				FD8BF52220C551E100194E8F /* Resources */,
			);
			buildRules = (
			);
			dependencies = (
				FD8BF52620C551E100194E8F /* PBXTargetDependency */,
			);
			name = FootballUITests;
			productName = FootballUITests;
			productReference = FD8BF52420C551E100194E8F /* FootballUITests.xctest */;
			productType = "com.apple.product-type.bundle.ui-testing";
		};
/* End PBXNativeTarget section */

/* Begin PBXProject section */
		FD8BF4FD20C551DF00194E8F /* Project object */ = {
			isa = PBXProject;
			attributes = {
				LastSwiftUpdateCheck = 0930;
				LastUpgradeCheck = 0930;
				ORGANIZATIONNAME = "Edward Mtshweni";
				TargetAttributes = {
					FD8BF50420C551DF00194E8F = {
						CreatedOnToolsVersion = 9.3;
					};
					FD8BF51820C551E100194E8F = {
						CreatedOnToolsVersion = 9.3;
						TestTargetID = FD8BF50420C551DF00194E8F;
					};
					FD8BF52320C551E100194E8F = {
						CreatedOnToolsVersion = 9.3;
						TestTargetID = FD8BF50420C551DF00194E8F;
					};
				};
			};
			buildConfigurationList = FD8BF50020C551DF00194E8F /* Build configuration list for PBXProject "Football" */;
			compatibilityVersion = "Xcode 9.3";
			developmentRegion = en;
			hasScannedForEncodings = 0;
			knownRegions = (
				en,
				Base,
			);
			mainGroup = FD8BF4FC20C551DF00194E8F;
			productRefGroup = FD8BF50620C551DF00194E8F /* Products */;
			projectDirPath = "";
			projectRoot = "";
			targets = (
				FD8BF50420C551DF00194E8F /* Football */,
				FD8BF51820C551E100194E8F /* FootballTests */,
				FD8BF52320C551E100194E8F /* FootballUITests */,
			);
		};
/* End PBXProject section */

/* Begin PBXResourcesBuildPhase section */
		FD8BF50320C551DF00194E8F /* Resources */ = {
			isa = PBXResourcesBuildPhase;
			buildActionMask = 2147483647;
			files = (
				FD8BF51320C551E100194E8F /* LaunchScreen.storyboard in Resources */,
				FD8BF51020C551E100194E8F /* Assets.xcassets in Resources */,
				FD8BF50E20C551DF00194E8F /* Main.storyboard in Resources */,
			);
			runOnlyForDeploymentPostprocessing = 0;
		};
		FD8BF51720C551E100194E8F /* Resources */ = {
			isa = PBXResourcesBuildPhase;
			buildActionMask = 2147483647;
			files = (
			);
			runOnlyForDeploymentPostprocessing = 0;
		};
		FD8BF52220C551E100194E8F /* Resources */ = {
			isa = PBXResourcesBuildPhase;
			buildActionMask = 2147483647;
			files = (
			);
			runOnlyForDeploymentPostprocessing = 0;
		};
/* End PBXResourcesBuildPhase section */

/* Begin PBXSourcesBuildPhase section */
		FD8BF50120C551DF00194E8F /* Sources */ = {
			isa = PBXSourcesBuildPhase;
			buildActionMask = 2147483647;
			files = (
				FD8BF50B20C551DF00194E8F /* ViewController.swift in Sources */,
				FD8BF50920C551DF00194E8F /* AppDelegate.swift in Sources */,
			);
			runOnlyForDeploymentPostprocessing = 0;
		};
		FD8BF51520C551E100194E8F /* Sources */ = {
			isa = PBXSourcesBuildPhase;
			buildActionMask = 2147483647;
			files = (
				FD8BF51E20C551E100194E8F /* FootballTests.swift in Sources */,
			);
			runOnlyForDeploymentPostprocessing = 0;
		};
		FD8BF52020C551E100194E8F /* Sources */ = {
			isa = PBXSourcesBuildPhase;
			buildActionMask = 2147483647;
			files = (
				FD8BF52920C551E100194E8F /* FootballUITests.swift in Sources */,
			);
			runOnlyForDeploymentPostprocessing = 0;
		};
/* End PBXSourcesBuildPhase section */

/* Begin PBXTargetDependency section */
		FD8BF51B20C551E100194E8F /* PBXTargetDependency */ = {
			isa = PBXTargetDependency;
			target = FD8BF50420C551DF00194E8F /* Football */;
			targetProxy = FD8BF51A20C551E100194E8F /* PBXContainerItemProxy */;
		};
		FD8BF52620C551E100194E8F /* PBXTargetDependency */ = {
			isa = PBXTargetDependency;
			target = FD8BF50420C551DF00194E8F /* Football */;
			targetProxy = FD8BF52520C551E100194E8F /* PBXContainerItemProxy */;
		};
/* End PBXTargetDependency section */

/* Begin PBXVariantGroup section */
		FD8BF50C20C551DF00194E8F /* Main.storyboard */ = {
			isa = PBXVariantGroup;
			children = (
				FD8BF50D20C551DF00194E8F /* Base */,
			);
			name = Main.storyboard;
			sourceTree = "<group>";
		};
		FD8BF51120C551E100194E8F /* LaunchScreen.storyboard */ = {
			isa = PBXVariantGroup;
			children = (
				FD8BF51220C551E100194E8F /* Base */,
			);
			name = LaunchScreen.storyboard;
			sourceTree = "<group>";
		};
/* End PBXVariantGroup section */

/* Begin XCBuildConfiguration section */
		FD8BF52B20C551E100194E8F /* Debug */ = {
			isa = XCBuildConfiguration;
			buildSettings = {
				ALWAYS_SEARCH_USER_PATHS = NO;
				CLANG_ANALYZER_NONNULL = YES;
				CLANG_ANALYZER_NUMBER_OBJECT_CONVERSION = YES_AGGRESSIVE;
				CLANG_CXX_LANGUAGE_STANDARD = "gnu++14";
				CLANG_CXX_LIBRARY = "libc++";
				CLANG_ENABLE_MODULES = YES;
				CLANG_ENABLE_OBJC_ARC = YES;
				CLANG_ENABLE_OBJC_WEAK = YES;
				CLANG_WARN_BLOCK_CAPTURE_AUTORELEASING = YES;
				CLANG_WARN_BOOL_CONVERSION = YES;
				CLANG_WARN_COMMA = YES;
				CLANG_WARN_CONSTANT_CONVERSION = YES;
				CLANG_WARN_DEPRECATED_OBJC_IMPLEMENTATIONS = YES;
				CLANG_WARN_DIRECT_OBJC_ISA_USAGE = YES_ERROR;
				CLANG_WARN_DOCUMENTATION_COMMENTS = YES;
				CLANG_WARN_EMPTY_BODY = YES;
				CLANG_WARN_ENUM_CONVERSION = YES;
				CLANG_WARN_INFINITE_RECURSION = YES;
				CLANG_WARN_INT_CONVERSION = YES;
				CLANG_WARN_NON_LITERAL_NULL_CONVERSION = YES;
				CLANG_WARN_OBJC_IMPLICIT_RETAIN_SELF = YES;
				CLANG_WARN_OBJC_LITERAL_CONVERSION = YES;
				CLANG_WARN_OBJC_ROOT_CLASS = YES_ERROR;
				CLANG_WARN_RANGE_LOOP_ANALYSIS = YES;
				CLANG_WARN_STRICT_PROTOTYPES = YES;
				CLANG_WARN_SUSPICIOUS_MOVE = YES;
				CLANG_WARN_UNGUARDED_AVAILABILITY = YES_AGGRESSIVE;
				CLANG_WARN_UNREACHABLE_CODE = YES;
				CLANG_WARN__DUPLICATE_METHOD_MATCH = YES;
				CODE_SIGN_IDENTITY = "iPhone Developer";
				COPY_PHASE_STRIP = NO;
				DEBUG_INFORMATION_FORMAT = dwarf;
				ENABLE_STRICT_OBJC_MSGSEND = YES;
				ENABLE_TESTABILITY = YES;
				GCC_C_LANGUAGE_STANDARD = gnu11;
				GCC_DYNAMIC_NO_PIC = NO;
				GCC_NO_COMMON_BLOCKS = YES;
				GCC_OPTIMIZATION_LEVEL = 0;
				GCC_PREPROCESSOR_DEFINITIONS = (
					"DEBUG=1",
					"$(inherited)",
				);
				GCC_WARN_64_TO_32_BIT_CONVERSION = YES;
				GCC_WARN_ABOUT_RETURN_TYPE = YES_ERROR;
				GCC_WARN_UNDECLARED_SELECTOR = YES;
				GCC_WARN_UNINITIALIZED_AUTOS = YES_AGGRESSIVE;
				GCC_WARN_UNUSED_FUNCTION = YES;
				GCC_WARN_UNUSED_VARIABLE = YES;
				IPHONEOS_DEPLOYMENT_TARGET = 11.3;
				MTL_ENABLE_DEBUG_INFO = YES;
				ONLY_ACTIVE_ARCH = YES;
				SDKROOT = iphoneos;
				SWIFT_ACTIVE_COMPILATION_CONDITIONS = DEBUG;
				SWIFT_OPTIMIZATION_LEVEL = "-Onone";
			};
			name = Debug;
		};
		FD8BF52C20C551E100194E8F /* Release */ = {
			isa = XCBuildConfiguration;
			buildSettings = {
				ALWAYS_SEARCH_USER_PATHS = NO;
				CLANG_ANALYZER_NONNULL = YES;
				CLANG_ANALYZER_NUMBER_OBJECT_CONVERSION = YES_AGGRESSIVE;
				CLANG_CXX_LANGUAGE_STANDARD = "gnu++14";
				CLANG_CXX_LIBRARY = "libc++";
				CLANG_ENABLE_MODULES = YES;
				CLANG_ENABLE_OBJC_ARC = YES;
				CLANG_ENABLE_OBJC_WEAK = YES;
				CLANG_WARN_BLOCK_CAPTURE_AUTORELEASING = YES;
				CLANG_WARN_BOOL_CONVERSION = YES;
				CLANG_WARN_COMMA = YES;
				CLANG_WARN_CONSTANT_CONVERSION = YES;
				CLANG_WARN_DEPRECATED_OBJC_IMPLEMENTATIONS = YES;
				CLANG_WARN_DIRECT_OBJC_ISA_USAGE = YES_ERROR;
				CLANG_WARN_DOCUMENTATION_COMMENTS = YES;
				CLANG_WARN_EMPTY_BODY = YES;
				CLANG_WARN_ENUM_CONVERSION = YES;
				CLANG_WARN_INFINITE_RECURSION = YES;
				CLANG_WARN_INT_CONVERSION = YES;
				CLANG_WARN_NON_LITERAL_NULL_CONVERSION = YES;
				CLANG_WARN_OBJC_IMPLICIT_RETAIN_SELF = YES;
				CLANG_WARN_OBJC_LITERAL_CONVERSION = YES;
				CLANG_WARN_OBJC_ROOT_CLASS = YES_ERROR;
				CLANG_WARN_RANGE_LOOP_ANALYSIS = YES;
				CLANG_WARN_STRICT_PROTOTYPES = YES;
				CLANG_WARN_SUSPICIOUS_MOVE = YES;
				CLANG_WARN_UNGUARDED_AVAILABILITY = YES_AGGRESSIVE;
				CLANG_WARN_UNREACHABLE_CODE = YES;
				CLANG_WARN__DUPLICATE_METHOD_MATCH = YES;
				CODE_SIGN_IDENTITY = "iPhone Developer";
				COPY_PHASE_STRIP = NO;
				DEBUG_INFORMATION_FORMAT = "dwarf-with-dsym";
				ENABLE_NS_ASSERTIONS = NO;
				ENABLE_STRICT_OBJC_MSGSEND = YES;
				GCC_C_LANGUAGE_STANDARD = gnu11;
				GCC_NO_COMMON_BLOCKS = YES;
				GCC_WARN_64_TO_32_BIT_CONVERSION = YES;
				GCC_WARN_ABOUT_RETURN_TYPE = YES_ERROR;
				GCC_WARN_UNDECLARED_SELECTOR = YES;
				GCC_WARN_UNINITIALIZED_AUTOS = YES_AGGRESSIVE;
				GCC_WARN_UNUSED_FUNCTION = YES;
				GCC_WARN_UNUSED_VARIABLE = YES;
				IPHONEOS_DEPLOYMENT_TARGET = 11.3;
				MTL_ENABLE_DEBUG_INFO = NO;
				SDKROOT = iphoneos;
				SWIFT_COMPILATION_MODE = wholemodule;
				SWIFT_OPTIMIZATION_LEVEL = "-O";
				VALIDATE_PRODUCT = YES;
			};
			name = Release;
		};
		FD8BF52E20C551E100194E8F /* Debug */ = {
			isa = XCBuildConfiguration;
			buildSettings = {
				ASSETCATALOG_COMPILER_APPICON_NAME = AppIcon;
				CODE_SIGN_STYLE = Automatic;
				DEVELOPMENT_TEAM = 739N6H2N22;
				INFOPLIST_FILE = Football/Info.plist;
				LD_RUNPATH_SEARCH_PATHS = (
					"$(inherited)",
					"@executable_path/Frameworks",
				);
				PRODUCT_BUNDLE_IDENTIFIER = LetsGo.Football;
				PRODUCT_NAME = "$(TARGET_NAME)";
				SWIFT_VERSION = 4.0;
				TARGETED_DEVICE_FAMILY = "1,2";
			};
			name = Debug;
		};
		FD8BF52F20C551E100194E8F /* Release */ = {
			isa = XCBuildConfiguration;
			buildSettings = {
				ASSETCATALOG_COMPILER_APPICON_NAME = AppIcon;
				CODE_SIGN_STYLE = Automatic;
				DEVELOPMENT_TEAM = 739N6H2N22;
				INFOPLIST_FILE = Football/Info.plist;
				LD_RUNPATH_SEARCH_PATHS = (
					"$(inherited)",
					"@executable_path/Frameworks",
				);
				PRODUCT_BUNDLE_IDENTIFIER = LetsGo.Football;
				PRODUCT_NAME = "$(TARGET_NAME)";
				SWIFT_VERSION = 4.0;
				TARGETED_DEVICE_FAMILY = "1,2";
			};
			name = Release;
		};
		FD8BF53120C551E100194E8F /* Debug */ = {
			isa = XCBuildConfiguration;
			buildSettings = {
				ALWAYS_EMBED_SWIFT_STANDARD_LIBRARIES = YES;
				BUNDLE_LOADER = "$(TEST_HOST)";
				CODE_SIGN_STYLE = Automatic;
				DEVELOPMENT_TEAM = 739N6H2N22;
				INFOPLIST_FILE = FootballTests/Info.plist;
				LD_RUNPATH_SEARCH_PATHS = (
					"$(inherited)",
					"@executable_path/Frameworks",
					"@loader_path/Frameworks",
				);
				PRODUCT_BUNDLE_IDENTIFIER = LetsGo.FootballTests;
				PRODUCT_NAME = "$(TARGET_NAME)";
				SWIFT_VERSION = 4.0;
				TARGETED_DEVICE_FAMILY = "1,2";
				TEST_HOST = "$(BUILT_PRODUCTS_DIR)/Football.app/Football";
			};
			name = Debug;
		};
		FD8BF53220C551E100194E8F /* Release */ = {
			isa = XCBuildConfiguration;
			buildSettings = {
				ALWAYS_EMBED_SWIFT_STANDARD_LIBRARIES = YES;
				BUNDLE_LOADER = "$(TEST_HOST)";
				CODE_SIGN_STYLE = Automatic;
				DEVELOPMENT_TEAM = 739N6H2N22;
				INFOPLIST_FILE = FootballTests/Info.plist;
				LD_RUNPATH_SEARCH_PATHS = (
					"$(inherited)",
					"@executable_path/Frameworks",
					"@loader_path/Frameworks",
				);
				PRODUCT_BUNDLE_IDENTIFIER = LetsGo.FootballTests;
				PRODUCT_NAME = "$(TARGET_NAME)";
				SWIFT_VERSION = 4.0;
				TARGETED_DEVICE_FAMILY = "1,2";
				TEST_HOST = "$(BUILT_PRODUCTS_DIR)/Football.app/Football";
			};
			name = Release;
		};
		FD8BF53420C551E100194E8F /* Debug */ = {
			isa = XCBuildConfiguration;
			buildSettings = {
				ALWAYS_EMBED_SWIFT_STANDARD_LIBRARIES = YES;
				CODE_SIGN_STYLE = Automatic;
				DEVELOPMENT_TEAM = 739N6H2N22;
				INFOPLIST_FILE = FootballUITests/Info.plist;
				LD_RUNPATH_SEARCH_PATHS = (
					"$(inherited)",
					"@executable_path/Frameworks",
					"@loader_path/Frameworks",
				);
				PRODUCT_BUNDLE_IDENTIFIER = LetsGo.FootballUITests;
				PRODUCT_NAME = "$(TARGET_NAME)";
				SWIFT_VERSION = 4.0;
				TARGETED_DEVICE_FAMILY = "1,2";
				TEST_TARGET_NAME = Football;
			};
			name = Debug;
		};
		FD8BF53520C551E100194E8F /* Release */ = {
			isa = XCBuildConfiguration;
			buildSettings = {
				ALWAYS_EMBED_SWIFT_STANDARD_LIBRARIES = YES;
				CODE_SIGN_STYLE = Automatic;
				DEVELOPMENT_TEAM = 739N6H2N22;
				INFOPLIST_FILE = FootballUITests/Info.plist;
				LD_RUNPATH_SEARCH_PATHS = (
					"$(inherited)",
					"@executable_path/Frameworks",
					"@loader_path/Frameworks",
				);
				PRODUCT_BUNDLE_IDENTIFIER = LetsGo.FootballUITests;
				PRODUCT_NAME = "$(TARGET_NAME)";
				SWIFT_VERSION = 4.0;
				TARGETED_DEVICE_FAMILY = "1,2";
				TEST_TARGET_NAME = Football;
			};
			name = Release;
		};
/* End XCBuildConfiguration section */

/* Begin XCConfigurationList section */
		FD8BF50020C551DF00194E8F /* Build configuration list for PBXProject "Football" */ = {
			isa = XCConfigurationList;
			buildConfigurations = (
				FD8BF52B20C551E100194E8F /* Debug */,
				FD8BF52C20C551E100194E8F /* Release */,
			);
			defaultConfigurationIsVisible = 0;
			defaultConfigurationName = Release;
		};
		FD8BF52D20C551E100194E8F /* Build configuration list for PBXNativeTarget "Football" */ = {
			isa = XCConfigurationList;
			buildConfigurations = (
				FD8BF52E20C551E100194E8F /* Debug */,
				FD8BF52F20C551E100194E8F /* Release */,
			);
			defaultConfigurationIsVisible = 0;
			defaultConfigurationName = Release;
		};
		FD8BF53020C551E100194E8F /* Build configuration list for PBXNativeTarget "FootballTests" */ = {
			isa = XCConfigurationList;
			buildConfigurations = (
				FD8BF53120C551E100194E8F /* Debug */,
				FD8BF53220C551E100194E8F /* Release */,
			);
			defaultConfigurationIsVisible = 0;
			defaultConfigurationName = Release;
		};
		FD8BF53320C551E100194E8F /* Build configuration list for PBXNativeTarget "FootballUITests" */ = {
			isa = XCConfigurationList;
			buildConfigurations = (
				FD8BF53420C551E100194E8F /* Debug */,
				FD8BF53520C551E100194E8F /* Release */,
			);
			defaultConfigurationIsVisible = 0;
			defaultConfigurationName = Release;
		};
/* End XCConfigurationList section */
	};
	rootObject = FD8BF4FD20C551DF00194E8F /* Project object */;
}
